# This file was generated by Aiken
# You typically do not need to edit this file

[[requirements]]
name = "aiken-lang/stdlib"
version = "main"
source = "github"

[[requirements]]
name = "aiken-lang/fuzz"
version = "main"
source = "github"

[[packages]]
name = "aiken-lang/stdlib"
version = "main"
requirements = []
source = "github"

[[packages]]
name = "aiken-lang/fuzz"
version = "main"
requirements = []
source = "github"

[etags]
"aiken-lang/fuzz@main" = [{ secs_since_epoch = 1785315213, nanos_since_epoch = 282680488 }, "9843473958e51725a9274b487d2d4aac0395ec1a2e30f090724fa737226bc127"]
"aiken-lang/stdlib@main" = [{ secs_since_epoch = 1785315212, nanos_since_epoch = 677838150 }, "c74893c6517c3cf3ec8975fa840af1c1abfb12d21a64abf102730d8355f529a6"]
